
Microsoft Visual Studio Solution File, Format Version 12.00
# Visual Studio Version 16
VisualStudioVersion = 16.0.28822.285
MinimumVisualStudioVersion = 10.0.40219.1
Project("{2150E333-8FDC-42A3-9474-1A3956D46DE8}") = "Solution Items", "Solution Items", "{8D2DBBD0-2141-4B3D-BEA5-5FF4B15F0919}"
	ProjectSection(SolutionItems) = preProject
		.editorconfig = .editorconfig
		.gitignore = .gitignore
		.travis.yml = .travis.yml
		docker-compose.ci.yml = docker-compose.ci.yml
		docker-compose.yml = docker-compose.yml
		icon.png = icon.png
		LICENSE.md = LICENSE.md
		README.md = README.md
	EndProjectSection
EndProject
Project("{2150E333-8FDC-42A3-9474-1A3956D46DE8}") = "src", "src", "{A6D95AC6-FD7C-459C-ADBE-5797A0EDF123}"
EndProject
Project("{9A19103F-16F7-4668-BE54-9A1E7A4F7556}") = "Gelf.Extensions.Logging", "src\Gelf.Extensions.Logging\Gelf.Extensions.Logging.csproj", "{0480562A-97F5-423B-A11F-BD788D04E3AD}"
EndProject
Project("{2150E333-8FDC-42A3-9474-1A3956D46DE8}") = "test", "test", "{7999DEB6-1492-41CF-A94C-63606C616565}"
EndProject
Project("{9A19103F-16F7-4668-BE54-9A1E7A4F7556}") = "Gelf.Extensions.Logging.Tests", "test\Gelf.Extensions.Logging.Tests\Gelf.Extensions.Logging.Tests.csproj", "{4B299C4A-3A24-47B3-83D1-251D5FBDA174}"
EndProject
Project("{2150E333-8FDC-42A3-9474-1A3956D46DE8}") = "samples", "samples", "{7D9416E1-13A5-4A86-A3F1-2289369D7193}"
EndProject
Project("{9A19103F-16F7-4668-BE54-9A1E7A4F7556}") = "Gelf.Extensions.Logging.Samples.AspNetCore3", "samples\Gelf.Extensions.Logging.Samples.AspNetCore3\Gelf.Extensions.Logging.Samples.AspNetCore3.csproj", "{7599B625-DD65-4B68-ACF3-6E9400C0A99B}"
EndProject
Project("{FAE04EC0-301F-11D3-BF4B-00C04F79EFBC}") = "Gelf.Extensions.Logging.Samples.AspNetCore5", "samples\Gelf.Extensions.Logging.Samples.AspNetCore5\Gelf.Extensions.Logging.Samples.AspNetCore5.csproj", "{5F202815-647E-488A-9B2C-A746775DBF6B}"
EndProject
Global
	GlobalSection(SolutionConfigurationPlatforms) = preSolution
		Debug|Any CPU = Debug|Any CPU
		Release|Any CPU = Release|Any CPU
	EndGlobalSection
	GlobalSection(ProjectConfigurationPlatforms) = postSolution
		{0480562A-97F5-423B-A11F-BD788D04E3AD}.Debug|Any CPU.ActiveCfg = Debug|Any CPU
		{0480562A-97F5-423B-A11F-BD788D04E3AD}.Debug|Any CPU.Build.0 = Debug|Any CPU
		{0480562A-97F5-423B-A11F-BD788D04E3AD}.Release|Any CPU.ActiveCfg = Release|Any CPU
		{0480562A-97F5-423B-A11F-BD788D04E3AD}.Release|Any CPU.Build.0 = Release|Any CPU
		{4B299C4A-3A24-47B3-83D1-251D5FBDA174}.Debug|Any CPU.ActiveCfg = Debug|Any CPU
		{4B299C4A-3A24-47B3-83D1-251D5FBDA174}.Debug|Any CPU.Build.0 = Debug|Any CPU
		{4B299C4A-3A24-47B3-83D1-251D5FBDA174}.Release|Any CPU.ActiveCfg = Release|Any CPU
		{4B299C4A-3A24-47B3-83D1-251D5FBDA174}.Release|Any CPU.Build.0 = Release|Any CPU
		{7599B625-DD65-4B68-ACF3-6E9400C0A99B}.Debug|Any CPU.ActiveCfg = Debug|Any CPU
		{7599B625-DD65-4B68-ACF3-6E9400C0A99B}.Debug|Any CPU.Build.0 = Debug|Any CPU
		{7599B625-DD65-4B68-ACF3-6E9400C0A99B}.Release|Any CPU.ActiveCfg = Release|Any CPU
		{7599B625-DD65-4B68-ACF3-6E9400C0A99B}.Release|Any CPU.Build.0 = Release|Any CPU
		{5F202815-647E-488A-9B2C-A746775DBF6B}.Debug|Any CPU.ActiveCfg = Debug|Any CPU
		{5F202815-647E-488A-9B2C-A746775DBF6B}.Debug|Any CPU.Build.0 = Debug|Any CPU
		{5F202815-647E-488A-9B2C-A746775DBF6B}.Release|Any CPU.ActiveCfg = Release|Any CPU
		{5F202815-647E-488A-9B2C-A746775DBF6B}.Release|Any CPU.Build.0 = Release|Any CPU
	EndGlobalSection
	GlobalSection(SolutionProperties) = preSolution
		HideSolutionNode = FALSE
	EndGlobalSection
	GlobalSection(NestedProjects) = preSolution
		{0480562A-97F5-423B-A11F-BD788D04E3AD} = {A6D95AC6-FD7C-459C-ADBE-5797A0EDF123}
		{4B299C4A-3A24-47B3-83D1-251D5FBDA174} = {7999DEB6-1492-41CF-A94C-63606C616565}
		{7599B625-DD65-4B68-ACF3-6E9400C0A99B} = {7D9416E1-13A5-4A86-A3F1-2289369D7193}
		{5F202815-647E-488A-9B2C-A746775DBF6B} = {7D9416E1-13A5-4A86-A3F1-2289369D7193}
	EndGlobalSection
	GlobalSection(ExtensibilityGlobals) = postSolution
		SolutionGuid = {C6D74A71-1746-4865-AAE2-77625B3E8935}
	EndGlobalSection
EndGlobal
